// !$*UTF8*$!
{
	archiveVersion = 1;
	classes = {
	};
	objectVersion = 46;
	objects = {

/* Begin PBXBuildFile section */
		3D6E29831DAE16C200E76586 /* main.m in Sources */ = {isa = PBXBuildFile; fileRef = 3D6E29821DAE16C200E76586 /* main.m */; };
		3D6E29861DAE16C200E76586 /* AppDelegate.m in Sources */ = {isa = PBXBuildFile; fileRef = 3D6E29851DAE16C200E76586 /* AppDelegate.m */; };
		3D6E29891DAE16C200E76586 /* ViewController.m in Sources */ = {isa = PBXBuildFile; fileRef = 3D6E29881DAE16C200E76586 /* ViewController.m */; };
		3D6E298C1DAE16C200E76586 /* Main.storyboard in Resources */ = {isa = PBXBuildFile; fileRef = 3D6E298A1DAE16C200E76586 /* Main.storyboard */; };
		3D6E298E1DAE16C200E76586 /* Assets.xcassets in Resources */ = {isa = PBXBuildFile; fileRef = 3D6E298D1DAE16C200E76586 /* Assets.xcassets */; };
		3D6E29911DAE16C200E76586 /* LaunchScreen.storyboard in Resources */ = {isa = PBXBuildFile; fileRef = 3D6E298F1DAE16C200E76586 /* LaunchScreen.storyboard */; };
		3D6E299C1DAE16C200E76586 /* IndexTableWithSearchBarTests.m in Sources */ = {isa = PBXBuildFile; fileRef = 3D6E299B1DAE16C200E76586 /* IndexTableWithSearchBarTests.m */; };
		3D6E29A71DAE16C200E76586 /* IndexTableWithSearchBarUITests.m in Sources */ = {isa = PBXBuildFile; fileRef = 3D6E29A61DAE16C200E76586 /* IndexTableWithSearchBarUITests.m */; };
		3D6E29B61DAE19F400E76586 /* ContainerCellView.m in Sources */ = {isa = PBXBuildFile; fileRef = 3D6E29B51DAE19F400E76586 /* ContainerCellView.m */; settings = {ASSET_TAGS = (); }; };
		3D6E29B81DAE1A0B00E76586 /* ContainerCellView.xib in Resources */ = {isa = PBXBuildFile; fileRef = 3D6E29B71DAE1A0B00E76586 /* ContainerCellView.xib */; settings = {ASSET_TAGS = (); }; };
		3D6E29BC1DAE1B8600E76586 /* ArticleCollectionViewCell.m in Sources */ = {isa = PBXBuildFile; fileRef = 3D6E29BA1DAE1B8600E76586 /* ArticleCollectionViewCell.m */; settings = {ASSET_TAGS = (); }; };
		3D6E29BD1DAE1B8600E76586 /* ArticleCollectionViewCell.xib in Resources */ = {isa = PBXBuildFile; fileRef = 3D6E29BB1DAE1B8600E76586 /* ArticleCollectionViewCell.xib */; settings = {ASSET_TAGS = (); }; };
		3D6E29C01DAE1C7000E76586 /* ArticleFood.m in Sources */ = {isa = PBXBuildFile; fileRef = 3D6E29BF1DAE1C7000E76586 /* ArticleFood.m */; settings = {ASSET_TAGS = (); }; };
		3D6E29C31DAE1DF800E76586 /* DetailsViewController.m in Sources */ = {isa = PBXBuildFile; fileRef = 3D6E29C21DAE1DF800E76586 /* DetailsViewController.m */; settings = {ASSET_TAGS = (); }; };
/* End PBXBuildFile section */

/* Begin PBXContainerItemProxy section */
		3D6E29981DAE16C200E76586 /* PBXContainerItemProxy */ = {
			isa = PBXContainerItemProxy;
			containerPortal = 3D6E29761DAE16C200E76586 /* Project object */;
			proxyType = 1;
			remoteGlobalIDString = 3D6E297D1DAE16C200E76586;
			remoteInfo = IndexTableWithSearchBar;
		};
		3D6E29A31DAE16C200E76586 /* PBXContainerItemProxy */ = {
			isa = PBXContainerItemProxy;
			containerPortal = 3D6E29761DAE16C200E76586 /* Project object */;
			proxyType = 1;
			remoteGlobalIDString = 3D6E297D1DAE16C200E76586;
			remoteInfo = IndexTableWithSearchBar;
		};
/* End PBXContainerItemProxy section */

/* Begin PBXFileReference section */
		3D6E297E1DAE16C200E76586 /* IndexTableWithSearchBar.app */ = {isa = PBXFileReference; explicitFileType = wrapper.application; includeInIndex = 0; path = IndexTableWithSearchBar.app; sourceTree = BUILT_PRODUCTS_DIR; };
		3D6E29821DAE16C200E76586 /* main.m */ = {isa = PBXFileReference; lastKnownFileType = sourcecode.c.objc; path = main.m; sourceTree = "<group>"; };
		3D6E29841DAE16C200E76586 /* AppDelegate.h */ = {isa = PBXFileReference; lastKnownFileType = sourcecode.c.h; path = AppDelegate.h; sourceTree = "<group>"; };
		3D6E29851DAE16C200E76586 /* AppDelegate.m */ = {isa = PBXFileReference; lastKnownFileType = sourcecode.c.objc; path = AppDelegate.m; sourceTree = "<group>"; };
		3D6E29871DAE16C200E76586 /* ViewController.h */ = {isa = PBXFileReference; lastKnownFileType = sourcecode.c.h; path = ViewController.h; sourceTree = "<group>"; };
		3D6E29881DAE16C200E76586 /* ViewController.m */ = {isa = PBXFileReference; lastKnownFileType = sourcecode.c.objc; path = ViewController.m; sourceTree = "<group>"; };
		3D6E298B1DAE16C200E76586 /* Base */ = {isa = PBXFileReference; lastKnownFileType = file.storyboard; name = Base; path = Base.lproj/Main.storyboard; sourceTree = "<group>"; };
		3D6E298D1DAE16C200E76586 /* Assets.xcassets */ = {isa = PBXFileReference; lastKnownFileType = folder.assetcatalog; path = Assets.xcassets; sourceTree = "<group>"; };
		3D6E29901DAE16C200E76586 /* Base */ = {isa = PBXFileReference; lastKnownFileType = file.storyboard; name = Base; path = Base.lproj/LaunchScreen.storyboard; sourceTree = "<group>"; };
		3D6E29921DAE16C200E76586 /* Info.plist */ = {isa = PBXFileReference; lastKnownFileType = text.plist.xml; path = Info.plist; sourceTree = "<group>"; };
		3D6E29971DAE16C200E76586 /* IndexTableWithSearchBarTests.xctest */ = {isa = PBXFileReference; explicitFileType = wrapper.cfbundle; includeInIndex = 0; path = IndexTableWithSearchBarTests.xctest; sourceTree = BUILT_PRODUCTS_DIR; };
		3D6E299B1DAE16C200E76586 /* IndexTableWithSearchBarTests.m */ = {isa = PBXFileReference; lastKnownFileType = sourcecode.c.objc; path = IndexTableWithSearchBarTests.m; sourceTree = "<group>"; };
		3D6E299D1DAE16C200E76586 /* Info.plist */ = {isa = PBXFileReference; lastKnownFileType = text.plist.xml; path = Info.plist; sourceTree = "<group>"; };
		3D6E29A21DAE16C200E76586 /* IndexTableWithSearchBarUITests.xctest */ = {isa = PBXFileReference; explicitFileType = wrapper.cfbundle; includeInIndex = 0; path = IndexTableWithSearchBarUITests.xctest; sourceTree = BUILT_PRODUCTS_DIR; };
		3D6E29A61DAE16C200E76586 /* IndexTableWithSearchBarUITests.m */ = {isa = PBXFileReference; lastKnownFileType = sourcecode.c.objc; path = IndexTableWithSearchBarUITests.m; sourceTree = "<group>"; };
		3D6E29A81DAE16C200E76586 /* Info.plist */ = {isa = PBXFileReference; lastKnownFileType = text.plist.xml; path = Info.plist; sourceTree = "<group>"; };
		3D6E29B41DAE19F400E76586 /* ContainerCellView.h */ = {isa = PBXFileReference; fileEncoding = 4; lastKnownFileType = sourcecode.c.h; path = ContainerCellView.h; sourceTree = "<group>"; };
		3D6E29B51DAE19F400E76586 /* ContainerCellView.m */ = {isa = PBXFileReference; fileEncoding = 4; lastKnownFileType = sourcecode.c.objc; path = ContainerCellView.m; sourceTree = "<group>"; };
		3D6E29B71DAE1A0B00E76586 /* ContainerCellView.xib */ = {isa = PBXFileReference; fileEncoding = 4; lastKnownFileType = file.xib; path = ContainerCellView.xib; sourceTree = "<group>"; };
		3D6E29B91DAE1B8600E76586 /* ArticleCollectionViewCell.h */ = {isa = PBXFileReference; fileEncoding = 4; lastKnownFileType = sourcecode.c.h; path = ArticleCollectionViewCell.h; sourceTree = "<group>"; };
		3D6E29BA1DAE1B8600E76586 /* ArticleCollectionViewCell.m */ = {isa = PBXFileReference; fileEncoding = 4; lastKnownFileType = sourcecode.c.objc; path = ArticleCollectionViewCell.m; sourceTree = "<group>"; };
		3D6E29BB1DAE1B8600E76586 /* ArticleCollectionViewCell.xib */ = {isa = PBXFileReference; fileEncoding = 4; lastKnownFileType = file.xib; path = ArticleCollectionViewCell.xib; sourceTree = "<group>"; };
		3D6E29BE1DAE1C7000E76586 /* ArticleFood.h */ = {isa = PBXFileReference; fileEncoding = 4; lastKnownFileType = sourcecode.c.h; path = ArticleFood.h; sourceTree = "<group>"; };
		3D6E29BF1DAE1C7000E76586 /* ArticleFood.m */ = {isa = PBXFileReference; fileEncoding = 4; lastKnownFileType = sourcecode.c.objc; path = ArticleFood.m; sourceTree = "<group>"; };
		3D6E29C11DAE1DF800E76586 /* DetailsViewController.h */ = {isa = PBXFileReference; fileEncoding = 4; lastKnownFileType = sourcecode.c.h; path = DetailsViewController.h; sourceTree = "<group>"; };
		3D6E29C21DAE1DF800E76586 /* DetailsViewController.m */ = {isa = PBXFileReference; fileEncoding = 4; lastKnownFileType = sourcecode.c.objc; path = DetailsViewController.m; sourceTree = "<group>"; };
/* End PBXFileReference section */

/* Begin PBXFrameworksBuildPhase section */
		3D6E297B1DAE16C200E76586 /* Frameworks */ = {
			isa = PBXFrameworksBuildPhase;
			buildActionMask = 2147483647;
			files = (
			);
			runOnlyForDeploymentPostprocessing = 0;
		};
		3D6E29941DAE16C200E76586 /* Frameworks */ = {
			isa = PBXFrameworksBuildPhase;
			buildActionMask = 2147483647;
			files = (
			);
			runOnlyForDeploymentPostprocessing = 0;
		};
		3D6E299F1DAE16C200E76586 /* Frameworks */ = {
			isa = PBXFrameworksBuildPhase;
			buildActionMask = 2147483647;
			files = (
			);
			runOnlyForDeploymentPostprocessing = 0;
		};
/* End PBXFrameworksBuildPhase section */

/* Begin PBXGroup section */
		3D6E29751DAE16C200E76586 = {
			isa = PBXGroup;
			children = (
				3D6E29801DAE16C200E76586 /* IndexTableWithSearchBar */,
				3D6E299A1DAE16C200E76586 /* IndexTableWithSearchBarTests */,
				3D6E29A51DAE16C200E76586 /* IndexTableWithSearchBarUITests */,
				3D6E297F1DAE16C200E76586 /* Products */,
			);
			sourceTree = "<group>";
		};
		3D6E297F1DAE16C200E76586 /* Products */ = {
			isa = PBXGroup;
			children = (
				3D6E297E1DAE16C200E76586 /* IndexTableWithSearchBar.app */,
				3D6E29971DAE16C200E76586 /* IndexTableWithSearchBarTests.xctest */,
				3D6E29A21DAE16C200E76586 /* IndexTableWithSearchBarUITests.xctest */,
			);
			name = Products;
			sourceTree = "<group>";
		};
		3D6E29801DAE16C200E76586 /* IndexTableWithSearchBar */ = {
			isa = PBXGroup;
			children = (
				3D6E29841DAE16C200E76586 /* AppDelegate.h */,
				3D6E29851DAE16C200E76586 /* AppDelegate.m */,
				3D6E29871DAE16C200E76586 /* ViewController.h */,
				3D6E29881DAE16C200E76586 /* ViewController.m */,
				3D6E298A1DAE16C200E76586 /* Main.storyboard */,
				3D6E298D1DAE16C200E76586 /* Assets.xcassets */,
				3D6E298F1DAE16C200E76586 /* LaunchScreen.storyboard */,
				3D6E29921DAE16C200E76586 /* Info.plist */,
				3D6E29811DAE16C200E76586 /* Supporting Files */,
				3D6E29B41DAE19F400E76586 /* ContainerCellView.h */,
				3D6E29B51DAE19F400E76586 /* ContainerCellView.m */,
				3D6E29B71DAE1A0B00E76586 /* ContainerCellView.xib */,
				3D6E29B91DAE1B8600E76586 /* ArticleCollectionViewCell.h */,
				3D6E29BA1DAE1B8600E76586 /* ArticleCollectionViewCell.m */,
				3D6E29BB1DAE1B8600E76586 /* ArticleCollectionViewCell.xib */,
				3D6E29BE1DAE1C7000E76586 /* ArticleFood.h */,
				3D6E29BF1DAE1C7000E76586 /* ArticleFood.m */,
				3D6E29C11DAE1DF800E76586 /* DetailsViewController.h */,
				3D6E29C21DAE1DF800E76586 /* DetailsViewController.m */,
			);
			path = IndexTableWithSearchBar;
			sourceTree = "<group>";
		};
		3D6E29811DAE16C200E76586 /* Supporting Files */ = {
			isa = PBXGroup;
			children = (
				3D6E29821DAE16C200E76586 /* main.m */,
			);
			name = "Supporting Files";
			sourceTree = "<group>";
		};
		3D6E299A1DAE16C200E76586 /* IndexTableWithSearchBarTests */ = {
			isa = PBXGroup;
			children = (
				3D6E299B1DAE16C200E76586 /* IndexTableWithSearchBarTests.m */,
				3D6E299D1DAE16C200E76586 /* Info.plist */,
			);
			path = IndexTableWithSearchBarTests;
			sourceTree = "<group>";
		};
		3D6E29A51DAE16C200E76586 /* IndexTableWithSearchBarUITests */ = {
			isa = PBXGroup;
			children = (
				3D6E29A61DAE16C200E76586 /* IndexTableWithSearchBarUITests.m */,
				3D6E29A81DAE16C200E76586 /* Info.plist */,
			);
			path = IndexTableWithSearchBarUITests;
			sourceTree = "<group>";
		};
/* End PBXGroup section */

/* Begin PBXNativeTarget section */
		3D6E297D1DAE16C200E76586 /* IndexTableWithSearchBar */ = {
			isa = PBXNativeTarget;
			buildConfigurationList = 3D6E29AB1DAE16C200E76586 /* Build configuration list for PBXNativeTarget "IndexTableWithSearchBar" */;
			buildPhases = (
				3D6E297A1DAE16C200E76586 /* Sources */,
				3D6E297B1DAE16C200E76586 /* Frameworks */,
				3D6E297C1DAE16C200E76586 /* Resources */,
			);
			buildRules = (
			);
			dependencies = (
			);
			name = IndexTableWithSearchBar;
			productName = IndexTableWithSearchBar;
			productReference = 3D6E297E1DAE16C200E76586 /* IndexTableWithSearchBar.app */;
			productType = "com.apple.product-type.application";
		};
		3D6E29961DAE16C200E76586 /* IndexTableWithSearchBarTests */ = {
			isa = PBXNativeTarget;
			buildConfigurationList = 3D6E29AE1DAE16C200E76586 /* Build configuration list for PBXNativeTarget "IndexTableWithSearchBarTests" */;
			buildPhases = (
				3D6E29931DAE16C200E76586 /* Sources */,
				3D6E29941DAE16C200E76586 /* Frameworks */,
				3D6E29951DAE16C200E76586 /* Resources */,
			);
			buildRules = (
			);
			dependencies = (
				3D6E29991DAE16C200E76586 /* PBXTargetDependency */,
			);
			name = IndexTableWithSearchBarTests;
			productName = IndexTableWithSearchBarTests;
			productReference = 3D6E29971DAE16C200E76586 /* IndexTableWithSearchBarTests.xctest */;
			productType = "com.apple.product-type.bundle.unit-test";
		};
		3D6E29A11DAE16C200E76586 /* IndexTableWithSearchBarUITests */ = {
			isa = PBXNativeTarget;
			buildConfigurationList = 3D6E29B11DAE16C200E76586 /* Build configuration list for PBXNativeTarget "IndexTableWithSearchBarUITests" */;
			buildPhases = (
				3D6E299E1DAE16C200E76586 /* Sources */,
				3D6E299F1DAE16C200E76586 /* Frameworks */,
				3D6E29A01DAE16C200E76586 /* Resources */,
			);
			buildRules = (
			);
			dependencies = (
				3D6E29A41DAE16C200E76586 /* PBXTargetDependency */,
			);
			name = IndexTableWithSearchBarUITests;
			productName = IndexTableWithSearchBarUITests;
			productReference = 3D6E29A21DAE16C200E76586 /* IndexTableWithSearchBarUITests.xctest */;
			productType = "com.apple.product-type.bundle.ui-testing";
		};
/* End PBXNativeTarget section */

/* Begin PBXProject section */
		3D6E29761DAE16C200E76586 /* Project object */ = {
			isa = PBXProject;
			attributes = {
				LastUpgradeCheck = 0700;
				ORGANIZATIONNAME = MyCompanyName;
				TargetAttributes = {
					3D6E297D1DAE16C200E76586 = {
						CreatedOnToolsVersion = 7.0;
					};
					3D6E29961DAE16C200E76586 = {
						CreatedOnToolsVersion = 7.0;
						TestTargetID = 3D6E297D1DAE16C200E76586;
					};
					3D6E29A11DAE16C200E76586 = {
						CreatedOnToolsVersion = 7.0;
						TestTargetID = 3D6E297D1DAE16C200E76586;
					};
				};
			};
			buildConfigurationList = 3D6E29791DAE16C200E76586 /* Build configuration list for PBXProject "IndexTableWithSearchBar" */;
			compatibilityVersion = "Xcode 3.2";
			developmentRegion = English;
			hasScannedForEncodings = 0;
			knownRegions = (
				en,
				Base,
			);
			mainGroup = 3D6E29751DAE16C200E76586;
			productRefGroup = 3D6E297F1DAE16C200E76586 /* Products */;
			projectDirPath = "";
			projectRoot = "";
			targets = (
				3D6E297D1DAE16C200E76586 /* IndexTableWithSearchBar */,
				3D6E29961DAE16C200E76586 /* IndexTableWithSearchBarTests */,
				3D6E29A11DAE16C200E76586 /* IndexTableWithSearchBarUITests */,
			);
		};
/* End PBXProject section */

/* Begin PBXResourcesBuildPhase section */
		3D6E297C1DAE16C200E76586 /* Resources */ = {
			isa = PBXResourcesBuildPhase;
			buildActionMask = 2147483647;
			files = (
				3D6E29B81DAE1A0B00E76586 /* ContainerCellView.xib in Resources */,
				3D6E29911DAE16C200E76586 /* LaunchScreen.storyboard in Resources */,
				3D6E29BD1DAE1B8600E76586 /* ArticleCollectionViewCell.xib in Resources */,
				3D6E298E1DAE16C200E76586 /* Assets.xcassets in Resources */,
				3D6E298C1DAE16C200E76586 /* Main.storyboard in Resources */,
			);
			runOnlyForDeploymentPostprocessing = 0;
		};
		3D6E29951DAE16C200E76586 /* Resources */ = {
			isa = PBXResourcesBuildPhase;
			buildActionMask = 2147483647;
			files = (
			);
			runOnlyForDeploymentPostprocessing = 0;
		};
		3D6E29A01DAE16C200E76586 /* Resources */ = {
			isa = PBXResourcesBuildPhase;
			buildActionMask = 2147483647;
			files = (
			);
			runOnlyForDeploymentPostprocessing = 0;
		};
/* End PBXResourcesBuildPhase section */

/* Begin PBXSourcesBuildPhase section */
		3D6E297A1DAE16C200E76586 /* Sources */ = {
			isa = PBXSourcesBuildPhase;
			buildActionMask = 2147483647;
			files = (
				3D6E29BC1DAE1B8600E76586 /* ArticleCollectionViewCell.m in Sources */,
				3D6E29B61DAE19F400E76586 /* ContainerCellView.m in Sources */,
				3D6E29C01DAE1C7000E76586 /* ArticleFood.m in Sources */,
				3D6E29891DAE16C200E76586 /* ViewController.m in Sources */,
				3D6E29C31DAE1DF800E76586 /* DetailsViewController.m in Sources */,
				3D6E29861DAE16C200E76586 /* AppDelegate.m in Sources */,
				3D6E29831DAE16C200E76586 /* main.m in Sources */,
			);
			runOnlyForDeploymentPostprocessing = 0;
		};
		3D6E29931DAE16C200E76586 /* Sources */ = {
			isa = PBXSourcesBuildPhase;
			buildActionMask = 2147483647;
			files = (
				3D6E299C1DAE16C200E76586 /* IndexTableWithSearchBarTests.m in Sources */,
			);
			runOnlyForDeploymentPostprocessing = 0;
		};
		3D6E299E1DAE16C200E76586 /* Sources */ = {
			isa = PBXSourcesBuildPhase;
			buildActionMask = 2147483647;
			files = (
				3D6E29A71DAE16C200E76586 /* IndexTableWithSearchBarUITests.m in Sources */,
			);
			runOnlyForDeploymentPostprocessing = 0;
		};
/* End PBXSourcesBuildPhase section */

/* Begin PBXTargetDependency section */
		3D6E29991DAE16C200E76586 /* PBXTargetDependency */ = {
			isa = PBXTargetDependency;
			target = 3D6E297D1DAE16C200E76586 /* IndexTableWithSearchBar */;
			targetProxy = 3D6E29981DAE16C200E76586 /* PBXContainerItemProxy */;
		};
		3D6E29A41DAE16C200E76586 /* PBXTargetDependency */ = {
			isa = PBXTargetDependency;
			target = 3D6E297D1DAE16C200E76586 /* IndexTableWithSearchBar */;
			targetProxy = 3D6E29A31DAE16C200E76586 /* PBXContainerItemProxy */;
		};
/* End PBXTargetDependency section */

/* Begin PBXVariantGroup section */
		3D6E298A1DAE16C200E76586 /* Main.storyboard */ = {
			isa = PBXVariantGroup;
			children = (
				3D6E298B1DAE16C200E76586 /* Base */,
			);
			name = Main.storyboard;
			sourceTree = "<group>";
		};
		3D6E298F1DAE16C200E76586 /* LaunchScreen.storyboard */ = {
			isa = PBXVariantGroup;
			children = (
				3D6E29901DAE16C200E76586 /* Base */,
			);
			name = LaunchScreen.storyboard;
			sourceTree = "<group>";
		};
/* End PBXVariantGroup section */

/* Begin XCBuildConfiguration section */
		3D6E29A91DAE16C200E76586 /* Debug */ = {
			isa = XCBuildConfiguration;
			buildSettings = {
				ALWAYS_SEARCH_USER_PATHS = NO;
				CLANG_CXX_LANGUAGE_STANDARD = "gnu++0x";
				CLANG_CXX_LIBRARY = "libc++";
				CLANG_ENABLE_MODULES = YES;
				CLANG_ENABLE_OBJC_ARC = YES;
				CLANG_WARN_BOOL_CONVERSION = YES;
				CLANG_WARN_CONSTANT_CONVERSION = YES;
				CLANG_WARN_DIRECT_OBJC_ISA_USAGE = YES_ERROR;
				CLANG_WARN_EMPTY_BODY = YES;
				CLANG_WARN_ENUM_CONVERSION = YES;
				CLANG_WARN_INT_CONVERSION = YES;
				CLANG_WARN_OBJC_ROOT_CLASS = YES_ERROR;
				CLANG_WARN_UNREACHABLE_CODE = YES;
				CLANG_WARN__DUPLICATE_METHOD_MATCH = YES;
				"CODE_SIGN_IDENTITY[sdk=iphoneos*]" = "iPhone Developer";
				COPY_PHASE_STRIP = NO;
				DEBUG_INFORMATION_FORMAT = dwarf;
				ENABLE_STRICT_OBJC_MSGSEND = YES;
				ENABLE_TESTABILITY = YES;
				GCC_C_LANGUAGE_STANDARD = gnu99;
				GCC_DYNAMIC_NO_PIC = NO;
				GCC_NO_COMMON_BLOCKS = YES;
				GCC_OPTIMIZATION_LEVEL = 0;
				GCC_PREPROCESSOR_DEFINITIONS = (
					"DEBUG=1",
					"$(inherited)",
				);
				GCC_WARN_64_TO_32_BIT_CONVERSION = YES;
				GCC_WARN_ABOUT_RETURN_TYPE = YES_ERROR;
				GCC_WARN_UNDECLARED_SELECTOR = YES;
				GCC_WARN_UNINITIALIZED_AUTOS = YES_AGGRESSIVE;
				GCC_WARN_UNUSED_FUNCTION = YES;
				GCC_WARN_UNUSED_VARIABLE = YES;
				IPHONEOS_DEPLOYMENT_TARGET = 8.1;
				MTL_ENABLE_DEBUG_INFO = YES;
				ONLY_ACTIVE_ARCH = YES;
				SDKROOT = iphoneos;
				TARGETED_DEVICE_FAMILY = "1,2";
			};
			name = Debug;
		};
		3D6E29AA1DAE16C200E76586 /* Release */ = {
			isa = XCBuildConfiguration;
			buildSettings = {
				ALWAYS_SEARCH_USER_PATHS = NO;
				CLANG_CXX_LANGUAGE_STANDARD = "gnu++0x";
				CLANG_CXX_LIBRARY = "libc++";
				CLANG_ENABLE_MODULES = YES;
				CLANG_ENABLE_OBJC_ARC = YES;
				CLANG_WARN_BOOL_CONVERSION = YES;
				CLANG_WARN_CONSTANT_CONVERSION = YES;
				CLANG_WARN_DIRECT_OBJC_ISA_USAGE = YES_ERROR;
				CLANG_WARN_EMPTY_BODY = YES;
				CLANG_WARN_ENUM_CONVERSION = YES;
				CLANG_WARN_INT_CONVERSION = YES;
				CLANG_WARN_OBJC_ROOT_CLASS = YES_ERROR;
				CLANG_WARN_UNREACHABLE_CODE = YES;
				CLANG_WARN__DUPLICATE_METHOD_MATCH = YES;
				"CODE_SIGN_IDENTITY[sdk=iphoneos*]" = "iPhone Developer";
				COPY_PHASE_STRIP = NO;
				DEBUG_INFORMATION_FORMAT = "dwarf-with-dsym";
				ENABLE_NS_ASSERTIONS = NO;
				ENABLE_STRICT_OBJC_MSGSEND = YES;
				GCC_C_LANGUAGE_STANDARD = gnu99;
				GCC_NO_COMMON_BLOCKS = YES;
				GCC_WARN_64_TO_32_BIT_CONVERSION = YES;
				GCC_WARN_ABOUT_RETURN_TYPE = YES_ERROR;
				GCC_WARN_UNDECLARED_SELECTOR = YES;
				GCC_WARN_UNINITIALIZED_AUTOS = YES_AGGRESSIVE;
				GCC_WARN_UNUSED_FUNCTION = YES;
				GCC_WARN_UNUSED_VARIABLE = YES;
				IPHONEOS_DEPLOYMENT_TARGET = 8.1;
				MTL_ENABLE_DEBUG_INFO = NO;
				SDKROOT = iphoneos;
				TARGETED_DEVICE_FAMILY = "1,2";
				VALIDATE_PRODUCT = YES;
			};
			name = Release;
		};
		3D6E29AC1DAE16C200E76586 /* Debug */ = {
			isa = XCBuildConfiguration;
			buildSettings = {
				ASSETCATALOG_COMPILER_APPICON_NAME = AppIcon;
				INFOPLIST_FILE = IndexTableWithSearchBar/Info.plist;
				IPHONEOS_DEPLOYMENT_TARGET = 8.1;
				LD_RUNPATH_SEARCH_PATHS = "$(inherited) @executable_path/Frameworks";
				PRODUCT_BUNDLE_IDENTIFIER = com.Divya.MyCompanyName.IndexTableWithSearchBar;
				PRODUCT_NAME = "$(TARGET_NAME)";
			};
			name = Debug;
		};
		3D6E29AD1DAE16C200E76586 /* Release */ = {
			isa = XCBuildConfiguration;
			buildSettings = {
				ASSETCATALOG_COMPILER_APPICON_NAME = AppIcon;
				INFOPLIST_FILE = IndexTableWithSearchBar/Info.plist;
				IPHONEOS_DEPLOYMENT_TARGET = 8.1;
				LD_RUNPATH_SEARCH_PATHS = "$(inherited) @executable_path/Frameworks";
				PRODUCT_BUNDLE_IDENTIFIER = com.Divya.MyCompanyName.IndexTableWithSearchBar;
				PRODUCT_NAME = "$(TARGET_NAME)";
			};
			name = Release;
		};
		3D6E29AF1DAE16C200E76586 /* Debug */ = {
			isa = XCBuildConfiguration;
			buildSettings = {
				BUNDLE_LOADER = "$(TEST_HOST)";
				INFOPLIST_FILE = IndexTableWithSearchBarTests/Info.plist;
				LD_RUNPATH_SEARCH_PATHS = "$(inherited) @executable_path/Frameworks @loader_path/Frameworks";
				PRODUCT_BUNDLE_IDENTIFIER = com.Divya.MyCompanyName.IndexTableWithSearchBarTests;
				PRODUCT_NAME = "$(TARGET_NAME)";
				TEST_HOST = "$(BUILT_PRODUCTS_DIR)/IndexTableWithSearchBar.app/IndexTableWithSearchBar";
			};
			name = Debug;
		};
		3D6E29B01DAE16C200E76586 /* Release */ = {
			isa = XCBuildConfiguration;
			buildSettings = {
				BUNDLE_LOADER = "$(TEST_HOST)";
				INFOPLIST_FILE = IndexTableWithSearchBarTests/Info.plist;
				LD_RUNPATH_SEARCH_PATHS = "$(inherited) @executable_path/Frameworks @loader_path/Frameworks";
				PRODUCT_BUNDLE_IDENTIFIER = com.Divya.MyCompanyName.IndexTableWithSearchBarTests;
				PRODUCT_NAME = "$(TARGET_NAME)";
				TEST_HOST = "$(BUILT_PRODUCTS_DIR)/IndexTableWithSearchBar.app/IndexTableWithSearchBar";
			};
			name = Release;
		};
		3D6E29B21DAE16C200E76586 /* Debug */ = {
			isa = XCBuildConfiguration;
			buildSettings = {
				INFOPLIST_FILE = IndexTableWithSearchBarUITests/Info.plist;
				LD_RUNPATH_SEARCH_PATHS = "$(inherited) @executable_path/Frameworks @loader_path/Frameworks";
				PRODUCT_BUNDLE_IDENTIFIER = com.Divya.MyCompanyName.IndexTableWithSearchBarUITests;
				PRODUCT_NAME = "$(TARGET_NAME)";
				TEST_TARGET_NAME = IndexTableWithSearchBar;
				USES_XCTRUNNER = YES;
			};
			name = Debug;
		};
		3D6E29B31DAE16C200E76586 /* Release */ = {
			isa = XCBuildConfiguration;
			buildSettings = {
				INFOPLIST_FILE = IndexTableWithSearchBarUITests/Info.plist;
				LD_RUNPATH_SEARCH_PATHS = "$(inherited) @executable_path/Frameworks @loader_path/Frameworks";
				PRODUCT_BUNDLE_IDENTIFIER = com.Divya.MyCompanyName.IndexTableWithSearchBarUITests;
				PRODUCT_NAME = "$(TARGET_NAME)";
				TEST_TARGET_NAME = IndexTableWithSearchBar;
				USES_XCTRUNNER = YES;
			};
			name = Release;
		};
/* End XCBuildConfiguration section */

/* Begin XCConfigurationList section */
		3D6E29791DAE16C200E76586 /* Build configuration list for PBXProject "IndexTableWithSearchBar" */ = {
			isa = XCConfigurationList;
			buildConfigurations = (
				3D6E29A91DAE16C200E76586 /* Debug */,
				3D6E29AA1DAE16C200E76586 /* Release */,
			);
			defaultConfigurationIsVisible = 0;
			defaultConfigurationName = Release;
		};
		3D6E29AB1DAE16C200E76586 /* Build configuration list for PBXNativeTarget "IndexTableWithSearchBar" */ = {
			isa = XCConfigurationList;
			buildConfigurations = (
				3D6E29AC1DAE16C200E76586 /* Debug */,
				3D6E29AD1DAE16C200E76586 /* Release */,
			);
			defaultConfigurationIsVisible = 0;
		};
		3D6E29AE1DAE16C200E76586 /* Build configuration list for PBXNativeTarget "IndexTableWithSearchBarTests" */ = {
			isa = XCConfigurationList;
			buildConfigurations = (
				3D6E29AF1DAE16C200E76586 /* Debug */,
				3D6E29B01DAE16C200E76586 /* Release */,
			);
			defaultConfigurationIsVisible = 0;
		};
		3D6E29B11DAE16C200E76586 /* Build configuration list for PBXNativeTarget "IndexTableWithSearchBarUITests" */ = {
			isa = XCConfigurationList;
			buildConfigurations = (
				3D6E29B21DAE16C200E76586 /* Debug */,
				3D6E29B31DAE16C200E76586 /* Release */,
			);
			defaultConfigurationIsVisible = 0;
		};
/* End XCConfigurationList section */
	};
	rootObject = 3D6E29761DAE16C200E76586 /* Project object */;
}
